
Microsoft Visual Studio Solution File, Format Version 12.00
# Visual Studio Version 17
VisualStudioVersion = 17.10.35013.160
MinimumVisualStudioVersion = 10.0.40219.1
Project("{9A19103F-16F7-4668-BE54-9A1E7A4F7556}") = "RXml.Abstraction", "RXml.Abstraction\RXml.Abstraction.csproj", "{73FD64CD-EB81-4B53-8415-A9E932DB94AD}"
EndProject
Project("{9A19103F-16F7-4668-BE54-9A1E7A4F7556}") = "RXml.Generator", "Rxml.Generator\RXml.Generator.csproj", "{7CD31010-862D-4E7B-890F-C95FC6E58B0F}"
EndProject
Project("{9A19103F-16F7-4668-BE54-9A1E7A4F7556}") = "RXmlExtension", "RXmlExtension\RXmlExtension.csproj", "{A313A25B-F49A-40BC-8C05-BDCC005AE2E4}"
EndProject
Global
	GlobalSection(SolutionConfigurationPlatforms) = preSolution
		Debug|Any CPU = Debug|Any CPU
		Release|Any CPU = Release|Any CPU
	EndGlobalSection
	GlobalSection(ProjectConfigurationPlatforms) = postSolution
		{73FD64CD-EB81-4B53-8415-A9E932DB94AD}.Debug|Any CPU.ActiveCfg = Debug|Any CPU
		{73FD64CD-EB81-4B53-8415-A9E932DB94AD}.Debug|Any CPU.Build.0 = Debug|Any CPU
		{73FD64CD-EB81-4B53-8415-A9E932DB94AD}.Release|Any CPU.ActiveCfg = Release|Any CPU
		{73FD64CD-EB81-4B53-8415-A9E932DB94AD}.Release|Any CPU.Build.0 = Release|Any CPU
		{7CD31010-862D-4E7B-890F-C95FC6E58B0F}.Debug|Any CPU.ActiveCfg = Debug|Any CPU
		{7CD31010-862D-4E7B-890F-C95FC6E58B0F}.Debug|Any CPU.Build.0 = Debug|Any CPU
		{7CD31010-862D-4E7B-890F-C95FC6E58B0F}.Release|Any CPU.ActiveCfg = Release|Any CPU
		{7CD31010-862D-4E7B-890F-C95FC6E58B0F}.Release|Any CPU.Build.0 = Release|Any CPU
		{A313A25B-F49A-40BC-8C05-BDCC005AE2E4}.Debug|Any CPU.ActiveCfg = Debug|Any CPU
		{A313A25B-F49A-40BC-8C05-BDCC005AE2E4}.Debug|Any CPU.Build.0 = Debug|Any CPU
		{A313A25B-F49A-40BC-8C05-BDCC005AE2E4}.Debug|Any CPU.Deploy.0 = Debug|Any CPU
		{A313A25B-F49A-40BC-8C05-BDCC005AE2E4}.Release|Any CPU.ActiveCfg = Release|Any CPU
		{A313A25B-F49A-40BC-8C05-BDCC005AE2E4}.Release|Any CPU.Build.0 = Release|Any CPU
		{A313A25B-F49A-40BC-8C05-BDCC005AE2E4}.Release|Any CPU.Deploy.0 = Release|Any CPU
	EndGlobalSection
	GlobalSection(SolutionProperties) = preSolution
		HideSolutionNode = FALSE
	EndGlobalSection
	GlobalSection(ExtensibilityGlobals) = postSolution
		SolutionGuid = {B3EA3754-02E6-43B7-875B-BC47C18A4EF9}
	EndGlobalSection
EndGlobal
